
Microsoft Visual Studio Solution File, Format Version 12.00
# Visual Studio 15
VisualStudioVersion = 15.0.28010.2048
MinimumVisualStudioVersion = 10.0.40219.1
Project("{FAE04EC0-301F-11D3-BF4B-00C04F79EFBC}") = "Exam_1", "Exam_1\Exam_1.csproj", "{360506BB-990E-431D-9FB4-614EE32B330B}"
EndProject
Global
	GlobalSection(SolutionConfigurationPlatforms) = preSolution
		Debug|Any CPU = Debug|Any CPU
		Release|Any CPU = Release|Any CPU
	EndGlobalSection
	GlobalSection(ProjectConfigurationPlatforms) = postSolution
		{360506BB-990E-431D-9FB4-614EE32B330B}.Debug|Any CPU.ActiveCfg = Debug|Any CPU
		{360506BB-990E-431D-9FB4-614EE32B330B}.Debug|Any CPU.Build.0 = Debug|Any CPU
		{360506BB-990E-431D-9FB4-614EE32B330B}.Release|Any CPU.ActiveCfg = Release|Any CPU
		{360506BB-990E-431D-9FB4-614EE32B330B}.Release|Any CPU.Build.0 = Release|Any CPU
	EndGlobalSection
	GlobalSection(SolutionProperties) = preSolution
		HideSolutionNode = FALSE
	EndGlobalSection
	GlobalSection(ExtensibilityGlobals) = postSolution
		SolutionGuid = {F30E1D56-9E77-4D40-B56C-0BA77BD8BDD0}
	EndGlobalSection
EndGlobal
